
Microsoft Visual Studio Solution File, Format Version 12.00
# Visual Studio 15
VisualStudioVersion = 15.0.26430.13
MinimumVisualStudioVersion = 10.0.40219.1
Project("{FAE04EC0-301F-11D3-BF4B-00C04F79EFBC}") = "Shulepin™ I Ezreal", "Shulepin™ I Ezreal\Shulepin™ I Ezreal.csproj", "{FD66A51A-87EE-4689-A58F-67887D3CA94C}"
EndProject
Global
	GlobalSection(SolutionConfigurationPlatforms) = preSolution
		Debug|Any CPU = Debug|Any CPU
		Release|Any CPU = Release|Any CPU
	EndGlobalSection
	GlobalSection(ProjectConfigurationPlatforms) = postSolution
		{FD66A51A-87EE-4689-A58F-67887D3CA94C}.Debug|Any CPU.ActiveCfg = Debug|Any CPU
		{FD66A51A-87EE-4689-A58F-67887D3CA94C}.Debug|Any CPU.Build.0 = Debug|Any CPU
		{FD66A51A-87EE-4689-A58F-67887D3CA94C}.Release|Any CPU.ActiveCfg = Release|Any CPU
		{FD66A51A-87EE-4689-A58F-67887D3CA94C}.Release|Any CPU.Build.0 = Release|Any CPU
	EndGlobalSection
	GlobalSection(SolutionProperties) = preSolution
		HideSolutionNode = FALSE
	EndGlobalSection
EndGlobal
